
Microsoft Visual Studio Solution File, Format Version 12.00
# Visual Studio 14
VisualStudioVersion = 14.0.23107.0
MinimumVisualStudioVersion = 10.0.40219.1
Project("{FAE04EC0-301F-11D3-BF4B-00C04F79EFBC}") = "TurnBasedBattleGame", "FinalProjectRev0\TurnBasedBattleGame.csproj", "{A31B4B6B-52F7-43EC-872E-6CCC451155D5}"
EndProject
Project("{FAE04EC0-301F-11D3-BF4B-00C04F79EFBC}") = "Logic", "Logic\Logic.csproj", "{9BB3E9FE-1C18-47BE-9118-4ACD17FB6DA6}"
EndProject
Global
	GlobalSection(SolutionConfigurationPlatforms) = preSolution
		Debug|Any CPU = Debug|Any CPU
		Release|Any CPU = Release|Any CPU
	EndGlobalSection
	GlobalSection(ProjectConfigurationPlatforms) = postSolution
		{A31B4B6B-52F7-43EC-872E-6CCC451155D5}.Debug|Any CPU.ActiveCfg = Debug|Any CPU
		{A31B4B6B-52F7-43EC-872E-6CCC451155D5}.Debug|Any CPU.Build.0 = Debug|Any CPU
		{A31B4B6B-52F7-43EC-872E-6CCC451155D5}.Release|Any CPU.ActiveCfg = Release|Any CPU
		{A31B4B6B-52F7-43EC-872E-6CCC451155D5}.Release|Any CPU.Build.0 = Release|Any CPU
		{9BB3E9FE-1C18-47BE-9118-4ACD17FB6DA6}.Debug|Any CPU.ActiveCfg = Debug|Any CPU
		{9BB3E9FE-1C18-47BE-9118-4ACD17FB6DA6}.Debug|Any CPU.Build.0 = Debug|Any CPU
		{9BB3E9FE-1C18-47BE-9118-4ACD17FB6DA6}.Release|Any CPU.ActiveCfg = Release|Any CPU
		{9BB3E9FE-1C18-47BE-9118-4ACD17FB6DA6}.Release|Any CPU.Build.0 = Release|Any CPU
	EndGlobalSection
	GlobalSection(SolutionProperties) = preSolution
		HideSolutionNode = FALSE
	EndGlobalSection
EndGlobal
